# THIS IS AN AUTOGENERATED FILE. DO NOT EDIT THIS FILE DIRECTLY.
# yarn lockfile v1


"@babel/runtime@^7.13.10":
  version "7.18.3"
  resolved "https://registry.yarnpkg.com/@babel/runtime/-/runtime-7.18.3.tgz#c7b654b57f6f63cf7f8b418ac9ca04408c4579f4"
  integrity sha512-38Y8f7YUhce/K7RMwTp7m0uCumpv9hZkitCbBClqQIow1qSbCvGkcegKOXpEWCQLfWmevgRiWokZ1GkpfhbZug==
  dependencies:
    regenerator-runtime "^0.13.4"

"@fortawesome/fontawesome-common-types@6.1.1":
  version "6.1.1"
  resolved "https://registry.yarnpkg.com/@fortawesome/fontawesome-common-types/-/fontawesome-common-types-6.1.1.tgz#7dc996042d21fc1ae850e3173b5c67b0549f9105"
  integrity sha512-wVn5WJPirFTnzN6tR95abCx+ocH+3IFLXAgyavnf9hUmN0CfWoDjPT/BAWsUVwSlYYVBeCLJxaqi7ZGe4uSjBA==

"@fortawesome/fontawesome-svg-core@^6.1.1":
  version "6.1.1"
  resolved "https://registry.yarnpkg.com/@fortawesome/fontawesome-svg-core/-/fontawesome-svg-core-6.1.1.tgz#3424ec6182515951816be9b11665d67efdce5b5f"
  integrity sha512-NCg0w2YIp81f4V6cMGD9iomfsIj7GWrqmsa0ZsPh59G7PKiGN1KymZNxmF00ssuAlo/VZmpK6xazsGOwzKYUMg==
  dependencies:
    "@fortawesome/fontawesome-common-types" "6.1.1"

"@fortawesome/free-solid-svg-icons@^6.1.1":
  version "6.1.1"
  resolved "https://registry.yarnpkg.com/@fortawesome/free-solid-svg-icons/-/free-solid-svg-icons-6.1.1.tgz#3369e673f8fe8be2fba30b1ec274d47490a830a6"
  integrity sha512-0/5exxavOhI/D4Ovm2r3vxNojGZioPwmFrKg0ZUH69Q68uFhFPs6+dhAToh6VEQBntxPRYPuT5Cg1tpNa9JUPg==
  dependencies:
    "@fortawesome/fontawesome-common-types" "6.1.1"

"@fortawesome/react-fontawesome@^0.1.18":
  version "0.1.18"
  resolved "https://registry.yarnpkg.com/@fortawesome/react-fontawesome/-/react-fontawesome-0.1.18.tgz#dae37f718a24e14d7a99a5496c873d69af3fbd73"
  integrity sha512-RwLIB4TZw0M9gvy5u+TusAA0afbwM4JQIimNH/j3ygd6aIvYPQLqXMhC9ErY26J23rDPyDZldIfPq/HpTTJ/tQ==
  dependencies:
    prop-types "^15.8.1"

"@next/env@12.1.6":
  version "12.1.6"
  resolved "https://registry.yarnpkg.com/@next/env/-/env-12.1.6.tgz#5f44823a78335355f00f1687cfc4f1dafa3eca08"
  integrity sha512-Te/OBDXFSodPU6jlXYPAXpmZr/AkG6DCATAxttQxqOWaq6eDFX25Db3dK0120GZrSZmv4QCe9KsZmJKDbWs4OA==

"@next/swc-android-arm-eabi@12.1.6":
  version "12.1.6"
  resolved "https://registry.yarnpkg.com/@next/swc-android-arm-eabi/-/swc-android-arm-eabi-12.1.6.tgz#79a35349b98f2f8c038ab6261aa9cd0d121c03f9"
  integrity sha512-BxBr3QAAAXWgk/K7EedvzxJr2dE014mghBSA9iOEAv0bMgF+MRq4PoASjuHi15M2zfowpcRG8XQhMFtxftCleQ==

"@next/swc-android-arm64@12.1.6":
  version "12.1.6"
  resolved "https://registry.yarnpkg.com/@next/swc-android-arm64/-/swc-android-arm64-12.1.6.tgz#ec08ea61794f8752c8ebcacbed0aafc5b9407456"
  integrity sha512-EboEk3ROYY7U6WA2RrMt/cXXMokUTXXfnxe2+CU+DOahvbrO8QSWhlBl9I9ZbFzJx28AGB9Yo3oQHCvph/4Lew==

"@next/swc-darwin-arm64@12.1.6":
  version "12.1.6"
  resolved "https://registry.yarnpkg.com/@next/swc-darwin-arm64/-/swc-darwin-arm64-12.1.6.tgz#d1053805615fd0706e9b1667893a72271cd87119"
  integrity sha512-P0EXU12BMSdNj1F7vdkP/VrYDuCNwBExtRPDYawgSUakzi6qP0iKJpya2BuLvNzXx+XPU49GFuDC5X+SvY0mOw==

"@next/swc-darwin-x64@12.1.6":
  version "12.1.6"
  resolved "https://registry.yarnpkg.com/@next/swc-darwin-x64/-/swc-darwin-x64-12.1.6.tgz#2d1b926a22f4c5230d5b311f9c56cfdcc406afec"
  integrity sha512-9FptMnbgHJK3dRDzfTpexs9S2hGpzOQxSQbe8omz6Pcl7rnEp9x4uSEKY51ho85JCjL4d0tDLBcXEJZKKLzxNg==

"@next/swc-linux-arm-gnueabihf@12.1.6":
  version "12.1.6"
  resolved "https://registry.yarnpkg.com/@next/swc-linux-arm-gnueabihf/-/swc-linux-arm-gnueabihf-12.1.6.tgz#c021918d2a94a17f823106a5e069335b8a19724f"
  integrity sha512-PvfEa1RR55dsik/IDkCKSFkk6ODNGJqPY3ysVUZqmnWMDSuqFtf7BPWHFa/53znpvVB5XaJ5Z1/6aR5CTIqxPw==

"@next/swc-linux-arm64-gnu@12.1.6":
  version "12.1.6"
  resolved "https://registry.yarnpkg.com/@next/swc-linux-arm64-gnu/-/swc-linux-arm64-gnu-12.1.6.tgz#ac55c07bfabde378dfa0ce2b8fc1c3b2897e81ae"
  integrity sha512-53QOvX1jBbC2ctnmWHyRhMajGq7QZfl974WYlwclXarVV418X7ed7o/EzGY+YVAEKzIVaAB9JFFWGXn8WWo0gQ==

"@next/swc-linux-arm64-musl@12.1.6":
  version "12.1.6"
  resolved "https://registry.yarnpkg.com/@next/swc-linux-arm64-musl/-/swc-linux-arm64-musl-12.1.6.tgz#e429f826279894be9096be6bec13e75e3d6bd671"
  integrity sha512-CMWAkYqfGdQCS+uuMA1A2UhOfcUYeoqnTW7msLr2RyYAys15pD960hlDfq7QAi8BCAKk0sQ2rjsl0iqMyziohQ==

"@next/swc-linux-x64-gnu@12.1.6":
  version "12.1.6"
  resolved "https://registry.yarnpkg.com/@next/swc-linux-x64-gnu/-/swc-linux-x64-gnu-12.1.6.tgz#1f276c0784a5ca599bfa34b2fcc0b38f3a738e08"
  integrity sha512-AC7jE4Fxpn0s3ujngClIDTiEM/CQiB2N2vkcyWWn6734AmGT03Duq6RYtPMymFobDdAtZGFZd5nR95WjPzbZAQ==

"@next/swc-linux-x64-musl@12.1.6":
  version "12.1.6"
  resolved "https://registry.yarnpkg.com/@next/swc-linux-x64-musl/-/swc-linux-x64-musl-12.1.6.tgz#1d9933dd6ba303dcfd8a2acd6ac7c27ed41e2eea"
  integrity sha512-c9Vjmi0EVk0Kou2qbrynskVarnFwfYIi+wKufR9Ad7/IKKuP6aEhOdZiIIdKsYWRtK2IWRF3h3YmdnEa2WLUag==

"@next/swc-win32-arm64-msvc@12.1.6":
  version "12.1.6"
  resolved "https://registry.yarnpkg.com/@next/swc-win32-arm64-msvc/-/swc-win32-arm64-msvc-12.1.6.tgz#2ef9837f12ca652b1783d72ecb86208906042f02"
  integrity sha512-3UTOL/5XZSKFelM7qN0it35o3Cegm6LsyuERR3/OoqEExyj3aCk7F025b54/707HTMAnjlvQK3DzLhPu/xxO4g==

"@next/swc-win32-ia32-msvc@12.1.6":
  version "12.1.6"
  resolved "https://registry.yarnpkg.com/@next/swc-win32-ia32-msvc/-/swc-win32-ia32-msvc-12.1.6.tgz#74003d0aa1c59dfa56cb15481a5c607cbc0027b9"
  integrity sha512-8ZWoj6nCq6fI1yCzKq6oK0jE6Mxlz4MrEsRyu0TwDztWQWe7rh4XXGLAa2YVPatYcHhMcUL+fQQbqd1MsgaSDA==

"@next/swc-win32-x64-msvc@12.1.6":
  version "12.1.6"
  resolved "https://registry.yarnpkg.com/@next/swc-win32-x64-msvc/-/swc-win32-x64-msvc-12.1.6.tgz#a350caf42975e7197b24b495b8d764eec7e6a36e"
  integrity sha512-4ZEwiRuZEicXhXqmhw3+de8Z4EpOLQj/gp+D9fFWo6ii6W1kBkNNvvEx4A90ugppu+74pT1lIJnOuz3A9oQeJA==

"@radix-ui/colors@^0.1.8":
  version "0.1.8"
  resolved "https://registry.yarnpkg.com/@radix-ui/colors/-/colors-0.1.8.tgz#b08c62536fc462a87632165fb28e9b18f9bd047e"
  integrity sha512-jwRMXYwC0hUo0mv6wGpuw254Pd9p/R6Td5xsRpOmaWkUHlooNWqVcadgyzlRumMq3xfOTXwJReU0Jv+EIy4Jbw==

"@radix-ui/primitive@0.1.0":
  version "0.1.0"
  resolved "https://registry.yarnpkg.com/@radix-ui/primitive/-/primitive-0.1.0.tgz#6206b97d379994f0d1929809db035733b337e543"
  integrity sha512-tqxZKybwN5Fa3VzZry4G6mXAAb9aAqKmPtnVbZpL0vsBwvOHTBwsjHVPXylocYLwEtBY9SCe665bYnNB515uoA==
  dependencies:
    "@babel/runtime" "^7.13.10"

"@radix-ui/react-compose-refs@0.1.0":
  version "0.1.0"
  resolved "https://registry.yarnpkg.com/@radix-ui/react-compose-refs/-/react-compose-refs-0.1.0.tgz#cff6e780a0f73778b976acff2c2a5b6551caab95"
  integrity sha512-eyclbh+b77k+69Dk72q3694OHrn9B3QsoIRx7ywX341U9RK1ThgQjMFZoPtmZNQTksXHLNEiefR8hGVeFyInGg==
  dependencies:
    "@babel/runtime" "^7.13.10"

"@radix-ui/react-context@0.1.1":
  version "0.1.1"
  resolved "https://registry.yarnpkg.com/@radix-ui/react-context/-/react-context-0.1.1.tgz#06996829ea124d9a1bc1dbe3e51f33588fab0875"
  integrity sha512-PkyVX1JsLBioeu0jB9WvRpDBBLtLZohVDT3BB5CTSJqActma8S8030P57mWZb4baZifMvN7KKWPAA40UmWKkQg==
  dependencies:
    "@babel/runtime" "^7.13.10"

"@radix-ui/react-id@0.1.5":
  version "0.1.5"
  resolved "https://registry.yarnpkg.com/@radix-ui/react-id/-/react-id-0.1.5.tgz#010d311bedd5a2884c1e9bb6aaaa4e6cc1d1d3b8"
  integrity sha512-IPc4H/63bes0IZ1GJJozSEkSWcDyhNGtKFWUpJ+XtaLyQ1X3x7Mf6fWwWhDcpqlYEP+5WtAvfqcyEsyjP+ZhBQ==
  dependencies:
    "@babel/runtime" "^7.13.10"
    "@radix-ui/react-use-layout-effect" "0.1.0"

"@radix-ui/react-label@0.1.5":
  version "0.1.5"
  resolved "https://registry.yarnpkg.com/@radix-ui/react-label/-/react-label-0.1.5.tgz#12cd965bfc983e0148121d4c99fb8e27a917c45c"
  integrity sha512-Au9+n4/DhvjR0IHhvZ1LPdx/OW+3CGDie30ZyCkbSHIuLp4/CV4oPPGBwJ1vY99Jog3zyQhsGww9MXj8O9Aj/A==
  dependencies:
    "@babel/runtime" "^7.13.10"
    "@radix-ui/react-compose-refs" "0.1.0"
    "@radix-ui/react-context" "0.1.1"
    "@radix-ui/react-id" "0.1.5"
    "@radix-ui/react-primitive" "0.1.4"

"@radix-ui/react-primitive@0.1.4":
  version "0.1.4"
  resolved "https://registry.yarnpkg.com/@radix-ui/react-primitive/-/react-primitive-0.1.4.tgz#6c233cf08b0cb87fecd107e9efecb3f21861edc1"
  integrity sha512-6gSl2IidySupIMJFjYnDIkIWRyQdbu/AHK7rbICPani+LW4b0XdxBXc46og/iZvuwW8pjCS8I2SadIerv84xYA==
  dependencies:
    "@babel/runtime" "^7.13.10"
    "@radix-ui/react-slot" "0.1.2"

"@radix-ui/react-slot@0.1.2":
  version "0.1.2"
  resolved "https://registry.yarnpkg.com/@radix-ui/react-slot/-/react-slot-0.1.2.tgz#e6f7ad9caa8ce81cc8d532c854c56f9b8b6307c8"
  integrity sha512-ADkqfL+agEzEguU3yS26jfB50hRrwf7U4VTwAOZEmi/g+ITcBWe12yM46ueS/UCIMI9Py+gFUaAdxgxafFvY2Q==
  dependencies:
    "@babel/runtime" "^7.13.10"
    "@radix-ui/react-compose-refs" "0.1.0"

"@radix-ui/react-switch@^0.1.5":
  version "0.1.5"
  resolved "https://registry.yarnpkg.com/@radix-ui/react-switch/-/react-switch-0.1.5.tgz#071ffa19a17a47fdc5c5e6f371bd5901c9fef2f4"
  integrity sha512-ITtslJPK+Yi34iNf7K9LtsPaLD76oRIVzn0E8JpEO5HW8gpRBGb2NNI9mxKtEB30TVqIcdjdL10AmuIfOMwjtg==
  dependencies:
    "@babel/runtime" "^7.13.10"
    "@radix-ui/primitive" "0.1.0"
    "@radix-ui/react-compose-refs" "0.1.0"
    "@radix-ui/react-context" "0.1.1"
    "@radix-ui/react-label" "0.1.5"
    "@radix-ui/react-primitive" "0.1.4"
    "@radix-ui/react-use-controllable-state" "0.1.0"
    "@radix-ui/react-use-previous" "0.1.1"
    "@radix-ui/react-use-size" "0.1.1"

"@radix-ui/react-use-callback-ref@0.1.0":
  version "0.1.0"
  resolved "https://registry.yarnpkg.com/@radix-ui/react-use-callback-ref/-/react-use-callback-ref-0.1.0.tgz#934b6e123330f5b3a6b116460e6662cbc663493f"
  integrity sha512-Va041McOFFl+aV+sejvl0BS2aeHx86ND9X/rVFmEFQKTXCp6xgUK0NGUAGcgBlIjnJSbMYPGEk1xKSSlVcN2Aw==
  dependencies:
    "@babel/runtime" "^7.13.10"

"@radix-ui/react-use-controllable-state@0.1.0":
  version "0.1.0"
  resolved "https://registry.yarnpkg.com/@radix-ui/react-use-controllable-state/-/react-use-controllable-state-0.1.0.tgz#4fced164acfc69a4e34fb9d193afdab973a55de1"
  integrity sha512-zv7CX/PgsRl46a52Tl45TwqwVJdmqnlQEQhaYMz/yBOD2sx2gCkCFSoF/z9mpnYWmS6DTLNTg5lIps3fV6EnXg==
  dependencies:
    "@babel/runtime" "^7.13.10"
    "@radix-ui/react-use-callback-ref" "0.1.0"

"@radix-ui/react-use-layout-effect@0.1.0":
  version "0.1.0"
  resolved "https://registry.yarnpkg.com/@radix-ui/react-use-layout-effect/-/react-use-layout-effect-0.1.0.tgz#ebf71bd6d2825de8f1fbb984abf2293823f0f223"
  integrity sha512-+wdeS51Y+E1q1Wmd+1xSSbesZkpVj4jsg0BojCbopWvgq5iBvixw5vgemscdh58ep98BwUbsFYnrywFhV9yrVg==
  dependencies:
    "@babel/runtime" "^7.13.10"

"@radix-ui/react-use-previous@0.1.1":
  version "0.1.1"
  resolved "https://registry.yarnpkg.com/@radix-ui/react-use-previous/-/react-use-previous-0.1.1.tgz#0226017f72267200f6e832a7103760e96a6db5d0"
  integrity sha512-O/ZgrDBr11dR8rhO59ED8s5zIXBRFi8MiS+CmFGfi7MJYdLbfqVOmQU90Ghf87aifEgWe6380LA69KBneaShAg==
  dependencies:
    "@babel/runtime" "^7.13.10"

"@radix-ui/react-use-size@0.1.1":
  version "0.1.1"
  resolved "https://registry.yarnpkg.com/@radix-ui/react-use-size/-/react-use-size-0.1.1.tgz#f6b75272a5d41c3089ca78c8a2e48e5f204ef90f"
  integrity sha512-pTgWM5qKBu6C7kfKxrKPoBI2zZYZmp2cSXzpUiGM3qEBQlMLtYhaY2JXdXUCxz+XmD1YEjc8oRwvyfsD4AG4WA==
  dependencies:
    "@babel/runtime" "^7.13.10"

"@stitches/react@^1.2.8":
  version "1.2.8"
  resolved "https://registry.yarnpkg.com/@stitches/react/-/react-1.2.8.tgz#954f8008be8d9c65c4e58efa0937f32388ce3a38"
  integrity sha512-9g9dWI4gsSVe8bNLlb+lMkBYsnIKCZTmvqvDG+Avnn69XfmHZKiaMrx7cgTaddq7aTPPmXiTsbFcUy0xgI4+wA==

"@types/node@^12.12.21":
  version "12.20.53"
  resolved "https://registry.yarnpkg.com/@types/node/-/node-12.20.53.tgz#eab2175a9e5327700ca13681c5ca588aae1865b9"
  integrity sha512-7+FWwfyf7EoFD6BqnlmR+XW8GELgnKOVW/BKBtn6GyrVQVRc9GMrLXdV6T/EFFd2WuK2b675lG6ua5eaALGQeg==

"@types/prop-types@*":
  version "15.7.5"
  resolved "https://registry.yarnpkg.com/@types/prop-types/-/prop-types-15.7.5.tgz#5f19d2b85a98e9558036f6a3cacc8819420f05cf"
  integrity sha512-JCB8C6SnDoQf0cNycqd/35A7MjcnK+ZTqE7judS6o7utxUCg6imJg3QK2qzHKszlTjcj2cn+NwMB2i96ubpj7w==

"@types/react-dom@^17.0.1":
  version "17.0.17"
  resolved "https://registry.yarnpkg.com/@types/react-dom/-/react-dom-17.0.17.tgz#2e3743277a793a96a99f1bf87614598289da68a1"
  integrity sha512-VjnqEmqGnasQKV0CWLevqMTXBYG9GbwuE6x3VetERLh0cq2LTptFE73MrQi2S7GkKXCf2GgwItB/melLnxfnsg==
  dependencies:
    "@types/react" "^17"

"@types/react@^17", "@types/react@^17.0.2":
  version "17.0.45"
  resolved "https://registry.yarnpkg.com/@types/react/-/react-17.0.45.tgz#9b3d5b661fd26365fefef0e766a1c6c30ccf7b3f"
  integrity sha512-YfhQ22Lah2e3CHPsb93tRwIGNiSwkuz1/blk4e6QrWS0jQzCSNbGLtOEYhPg02W0yGTTmpajp7dCTbBAMN3qsg==
  dependencies:
    "@types/prop-types" "*"
    "@types/scheduler" "*"
    csstype "^3.0.2"

"@types/scheduler@*":
  version "0.16.2"
  resolved "https://registry.yarnpkg.com/@types/scheduler/-/scheduler-0.16.2.tgz#1a62f89525723dde24ba1b01b092bf5df8ad4d39"
  integrity sha512-hppQEBDmlwhFAXKJX2KnWLYu5yMfi91yazPb2l+lbJiwW+wdo1gNeRA+3RgNSO39WYX2euey41KEwnqesU2Jew==

caniuse-lite@^1.0.30001332:
  version "1.0.30001344"
  resolved "https://registry.yarnpkg.com/caniuse-lite/-/caniuse-lite-1.0.30001344.tgz#8a1e7fdc4db9c2ec79a05e9fd68eb93a761888bb"
  integrity sha512-0ZFjnlCaXNOAYcV7i+TtdKBp0L/3XEU2MF/x6Du1lrh+SRX4IfzIVL4HNJg5pB2PmFb8rszIGyOvsZnqqRoc2g==

csstype@^3.0.2:
  version "3.1.0"
  resolved "https://registry.yarnpkg.com/csstype/-/csstype-3.1.0.tgz#4ddcac3718d787cf9df0d1b7d15033925c8f29f2"
  integrity sha512-uX1KG+x9h5hIJsaKR9xHUeUraxf8IODOwq9JLNPq6BwB04a/xgpq3rcx47l5BZu5zBPlgD342tdke3Hom/nJRA==

"js-tokens@^3.0.0 || ^4.0.0":
  version "4.0.0"
  resolved "https://registry.yarnpkg.com/js-tokens/-/js-tokens-4.0.0.tgz#19203fb59991df98e3a287050d4647cdeaf32499"
  integrity sha512-RdJUflcE3cUzKiMqQgsCu06FPu9UdIJO0beYbPhHN4k6apgJtifcoCtT9bcxOpYBtpD2kCM6Sbzg4CausW/PKQ==

loose-envify@^1.1.0, loose-envify@^1.4.0:
  version "1.4.0"
  resolved "https://registry.yarnpkg.com/loose-envify/-/loose-envify-1.4.0.tgz#71ee51fa7be4caec1a63839f7e682d8132d30caf"
  integrity sha512-lyuxPGr/Wfhrlem2CL/UcnUc1zcqKAImBDzukY7Y5F/yQiNdko6+fRLevlw1HgMySw7f611UIY408EtxRSoK3Q==
  dependencies:
    js-tokens "^3.0.0 || ^4.0.0"

nanoid@^3.1.30:
  version "3.3.4"
  resolved "https://registry.yarnpkg.com/nanoid/-/nanoid-3.3.4.tgz#730b67e3cd09e2deacf03c027c81c9d9dbc5e8ab"
  integrity sha512-MqBkQh/OHTS2egovRtLk45wEyNXwF+cokD+1YPf9u5VfJiRdAiRwB2froX5Co9Rh20xs4siNPm8naNotSD6RBw==

next-themes@^0.2.0:
  version "0.2.0"
  resolved "https://registry.yarnpkg.com/next-themes/-/next-themes-0.2.0.tgz#fdc507f61e95b3ae513dee8d4783bcec8c02e3a3"
  integrity sha512-myhpDL4vadBD9YDSHiewqvzorGzB03N84e+3LxCwHRlM/hiBOaW+UsKsQojQAzC7fdcJA0l2ppveXcYaVV+hxQ==

next@latest:
  version "12.1.6"
  resolved "https://registry.yarnpkg.com/next/-/next-12.1.6.tgz#eb205e64af1998651f96f9df44556d47d8bbc533"
  integrity sha512-cebwKxL3/DhNKfg9tPZDQmbRKjueqykHHbgaoG4VBRH3AHQJ2HO0dbKFiS1hPhe1/qgc2d/hFeadsbPicmLD+A==
  dependencies:
    "@next/env" "12.1.6"
    caniuse-lite "^1.0.30001332"
    postcss "8.4.5"
    styled-jsx "5.0.2"
  optionalDependencies:
    "@next/swc-android-arm-eabi" "12.1.6"
    "@next/swc-android-arm64" "12.1.6"
    "@next/swc-darwin-arm64" "12.1.6"
    "@next/swc-darwin-x64" "12.1.6"
    "@next/swc-linux-arm-gnueabihf" "12.1.6"
    "@next/swc-linux-arm64-gnu" "12.1.6"
    "@next/swc-linux-arm64-musl" "12.1.6"
    "@next/swc-linux-x64-gnu" "12.1.6"
    "@next/swc-linux-x64-musl" "12.1.6"
    "@next/swc-win32-arm64-msvc" "12.1.6"
    "@next/swc-win32-ia32-msvc" "12.1.6"
    "@next/swc-win32-x64-msvc" "12.1.6"

object-assign@^4.1.1:
  version "4.1.1"
  resolved "https://registry.yarnpkg.com/object-assign/-/object-assign-4.1.1.tgz#2109adc7965887cfc05cbbd442cac8bfbb360863"
  integrity sha1-IQmtx5ZYh8/AXLvUQsrIv7s2CGM=

picocolors@^1.0.0:
  version "1.0.0"
  resolved "https://registry.yarnpkg.com/picocolors/-/picocolors-1.0.0.tgz#cb5bdc74ff3f51892236eaf79d68bc44564ab81c"
  integrity sha512-1fygroTLlHu66zi26VoTDv8yRgm0Fccecssto+MhsZ0D/DGW2sm8E8AjW7NU5VVTRt5GxbeZ5qBuJr+HyLYkjQ==

postcss@8.4.5:
  version "8.4.5"
  resolved "https://registry.yarnpkg.com/postcss/-/postcss-8.4.5.tgz#bae665764dfd4c6fcc24dc0fdf7e7aa00cc77f95"
  integrity sha512-jBDboWM8qpaqwkMwItqTQTiFikhs/67OYVvblFFTM7MrZjt6yMKd6r2kgXizEbTTljacm4NldIlZnhbjr84QYg==
  dependencies:
    nanoid "^3.1.30"
    picocolors "^1.0.0"
    source-map-js "^1.0.1"

prop-types@^15.8.1:
  version "15.8.1"
  resolved "https://registry.yarnpkg.com/prop-types/-/prop-types-15.8.1.tgz#67d87bf1a694f48435cf332c24af10214a3140b5"
  integrity sha512-oj87CgZICdulUohogVAR7AjlC0327U4el4L6eAvOqCeudMDVU0NThNaV+b9Df4dXgSP1gXMTnPdhfe/2qDH5cg==
  dependencies:
    loose-envify "^1.4.0"
    object-assign "^4.1.1"
    react-is "^16.13.1"

react-dom@^17.0.2:
  version "17.0.2"
  resolved "https://registry.yarnpkg.com/react-dom/-/react-dom-17.0.2.tgz#ecffb6845e3ad8dbfcdc498f0d0a939736502c23"
  integrity sha512-s4h96KtLDUQlsENhMn1ar8t2bEa+q/YAtj8pPPdIjPDGBDIVNsrD9aXNWqspUe6AzKCIG0C1HZZLqLV7qpOBGA==
  dependencies:
    loose-envify "^1.1.0"
    object-assign "^4.1.1"
    scheduler "^0.20.2"

react-is@^16.13.1:
  version "16.13.1"
  resolved "https://registry.yarnpkg.com/react-is/-/react-is-16.13.1.tgz#789729a4dc36de2999dc156dd6c1d9c18cea56a4"
  integrity sha512-24e6ynE2H+OKt4kqsOvNd8kBpV65zoxbA4BVsEOB3ARVWQki/DHzaUoC5KuON/BiccDaCCTZBuOcfZs70kR8bQ==

react@^17.0.2:
  version "17.0.2"
  resolved "https://registry.yarnpkg.com/react/-/react-17.0.2.tgz#d0b5cc516d29eb3eee383f75b62864cfb6800037"
  integrity sha512-gnhPt75i/dq/z3/6q/0asP78D0u592D5L1pd7M8P+dck6Fu/jJeL6iVVK23fptSUZj8Vjf++7wXA8UNclGQcbA==
  dependencies:
    loose-envify "^1.1.0"
    object-assign "^4.1.1"

regenerator-runtime@^0.13.4:
  version "0.13.9"
  resolved "https://registry.yarnpkg.com/regenerator-runtime/-/regenerator-runtime-0.13.9.tgz#8925742a98ffd90814988d7566ad30ca3b263b52"
  integrity sha512-p3VT+cOEgxFsRRA9X4lkI1E+k2/CtnKtU4gcxyaCUreilL/vqI6CdZ3wxVUx3UOUg+gnUOQQcRI7BmSI656MYA==

scheduler@^0.20.2:
  version "0.20.2"
  resolved "https://registry.yarnpkg.com/scheduler/-/scheduler-0.20.2.tgz#4baee39436e34aa93b4874bddcbf0fe8b8b50e91"
  integrity sha512-2eWfGgAqqWFGqtdMmcL5zCMK1U8KlXv8SQFGglL3CEtd0aDVDWgeF/YoCmvln55m5zSk3J/20hTaSBeSObsQDQ==
  dependencies:
    loose-envify "^1.1.0"
    object-assign "^4.1.1"

source-map-js@^1.0.1:
  version "1.0.2"
  resolved "https://registry.yarnpkg.com/source-map-js/-/source-map-js-1.0.2.tgz#adbc361d9c62df380125e7f161f71c826f1e490c"
  integrity sha512-R0XvVJ9WusLiqTCEiGCmICCMplcCkIwwR11mOSD9CR5u+IXYdiseeEuXCVAjS54zqwkLcPNnmU4OeJ6tUrWhDw==

styled-jsx@5.0.2:
  version "5.0.2"
  resolved "https://registry.yarnpkg.com/styled-jsx/-/styled-jsx-5.0.2.tgz#ff230fd593b737e9e68b630a694d460425478729"
  integrity sha512-LqPQrbBh3egD57NBcHET4qcgshPks+yblyhPlH2GY8oaDgKs8SK4C3dBh3oSJjgzJ3G5t1SYEZGHkP+QEpX9EQ==

typescript@^4.7.2:
  version "4.7.2"
  resolved "https://registry.yarnpkg.com/typescript/-/typescript-4.7.2.tgz#1f9aa2ceb9af87cca227813b4310fff0b51593c4"
  integrity sha512-Mamb1iX2FDUpcTRzltPxgWMKy3fhg0TN378ylbktPGPK/99KbDtMQ4W1hwgsbPAsG3a0xKa1vmw4VKZQbkvz5A==
